
Microsoft Visual Studio Solution File, Format Version 12.00
Project("{FAE04EC0-301F-11D3-BF4B-00C04F79EFBC}") = "ChatServer", "ChatServer\ChatServer.csproj", "{4D91E51C-EA29-470C-A636-FB2F425861F0}"
EndProject
Project("{FAE04EC0-301F-11D3-BF4B-00C04F79EFBC}") = "ChatClient", "ChatClient\ChatClient.csproj", "{D18A8A5B-B038-4995-8419-ACAB82170905}"
EndProject
Global
	GlobalSection(SolutionConfigurationPlatforms) = preSolution
		Debug|Any CPU = Debug|Any CPU
		Release|Any CPU = Release|Any CPU
	EndGlobalSection
	GlobalSection(ProjectConfigurationPlatforms) = postSolution
		{4D91E51C-EA29-470C-A636-FB2F425861F0}.Debug|Any CPU.ActiveCfg = Debug|Any CPU
		{4D91E51C-EA29-470C-A636-FB2F425861F0}.Debug|Any CPU.Build.0 = Debug|Any CPU
		{4D91E51C-EA29-470C-A636-FB2F425861F0}.Release|Any CPU.ActiveCfg = Release|Any CPU
		{4D91E51C-EA29-470C-A636-FB2F425861F0}.Release|Any CPU.Build.0 = Release|Any CPU
		{D18A8A5B-B038-4995-8419-ACAB82170905}.Debug|Any CPU.ActiveCfg = Debug|Any CPU
		{D18A8A5B-B038-4995-8419-ACAB82170905}.Debug|Any CPU.Build.0 = Debug|Any CPU
		{D18A8A5B-B038-4995-8419-ACAB82170905}.Release|Any CPU.ActiveCfg = Release|Any CPU
		{D18A8A5B-B038-4995-8419-ACAB82170905}.Release|Any CPU.Build.0 = Release|Any CPU
	EndGlobalSection
EndGlobal
